
Microsoft Visual Studio Solution File, Format Version 12.00
# Visual Studio Version 17
VisualStudioVersion = 17.7.34221.43
MinimumVisualStudioVersion = 10.0.40219.1
Project("{FAE04EC0-301F-11D3-BF4B-00C04F79EFBC}") = "Temna Doba", "Temna Doba\Temna Doba.csproj", "{A272C0D2-F979-4B59-B4CB-C3EC5B0F9222}"
EndProject
Global
	GlobalSection(SolutionConfigurationPlatforms) = preSolution
		Debug|Any CPU = Debug|Any CPU
		Release|Any CPU = Release|Any CPU
	EndGlobalSection
	GlobalSection(ProjectConfigurationPlatforms) = postSolution
		{A272C0D2-F979-4B59-B4CB-C3EC5B0F9222}.Debug|Any CPU.ActiveCfg = Debug|Any CPU
		{A272C0D2-F979-4B59-B4CB-C3EC5B0F9222}.Debug|Any CPU.Build.0 = Debug|Any CPU
		{A272C0D2-F979-4B59-B4CB-C3EC5B0F9222}.Release|Any CPU.ActiveCfg = Release|Any CPU
		{A272C0D2-F979-4B59-B4CB-C3EC5B0F9222}.Release|Any CPU.Build.0 = Release|Any CPU
	EndGlobalSection
	GlobalSection(SolutionProperties) = preSolution
		HideSolutionNode = FALSE
	EndGlobalSection
	GlobalSection(ExtensibilityGlobals) = postSolution
		SolutionGuid = {C28CC93B-4A63-43CE-AC5D-865525D964B8}
	EndGlobalSection
EndGlobal
